// !$*UTF8*$!
{
	archiveVersion = 1;
	classes = {
	};
	objectVersion = 56;
	objects = {

/* Begin PBXBuildFile section */
		002DEC662B6E6F8A007C2D82 /* AppDelegate.swift in Sources */ = {isa = PBXBuildFile; fileRef = 002DEC652B6E6F8A007C2D82 /* AppDelegate.swift */; };
		002DEC682B6E6F8A007C2D82 /* SceneDelegate.swift in Sources */ = {isa = PBXBuildFile; fileRef = 002DEC672B6E6F8A007C2D82 /* SceneDelegate.swift */; };
		002DEC6A2B6E6F8A007C2D82 /* ViewController.swift in Sources */ = {isa = PBXBuildFile; fileRef = 002DEC692B6E6F8A007C2D82 /* ViewController.swift */; };
		002DEC6D2B6E6F8A007C2D82 /* Main.storyboard in Resources */ = {isa = PBXBuildFile; fileRef = 002DEC6B2B6E6F8A007C2D82 /* Main.storyboard */; };
		002DEC6F2B6E6F8B007C2D82 /* Assets.xcassets in Resources */ = {isa = PBXBuildFile; fileRef = 002DEC6E2B6E6F8B007C2D82 /* Assets.xcassets */; };
		002DEC722B6E6F8B007C2D82 /* LaunchScreen.storyboard in Resources */ = {isa = PBXBuildFile; fileRef = 002DEC702B6E6F8B007C2D82 /* LaunchScreen.storyboard */; };
		002DEC7A2B6E730D007C2D82 /* ARMapPOIViewController.swift in Sources */ = {isa = PBXBuildFile; fileRef = 002DEC792B6E730D007C2D82 /* ARMapPOIViewController.swift */; };
		002DEC7C2B6E7393007C2D82 /* LocationManager.swift in Sources */ = {isa = PBXBuildFile; fileRef = 002DEC7B2B6E7393007C2D82 /* LocationManager.swift */; };
		002DEC7E2B6E73A9007C2D82 /* BusinessPOI.swift in Sources */ = {isa = PBXBuildFile; fileRef = 002DEC7D2B6E73A9007C2D82 /* BusinessPOI.swift */; };
		002DEC802B6E73BD007C2D82 /* AnnotationNode.swift in Sources */ = {isa = PBXBuildFile; fileRef = 002DEC7F2B6E73BD007C2D82 /* AnnotationNode.swift */; };
		002DEC822B6E73D0007C2D82 /* LocationAnnotationNode.swift in Sources */ = {isa = PBXBuildFile; fileRef = 002DEC812B6E73D0007C2D82 /* LocationAnnotationNode.swift */; };
		002DEC852B6E7424007C2D82 /* SCNNode.swift in Sources */ = {isa = PBXBuildFile; fileRef = 002DEC842B6E7424007C2D82 /* SCNNode.swift */; };
		002DEC872B6E744F007C2D82 /* SCNVector3.swift in Sources */ = {isa = PBXBuildFile; fileRef = 002DEC862B6E744F007C2D82 /* SCNVector3.swift */; };
		002DEC892B6E7473007C2D82 /* CLLocation.swift in Sources */ = {isa = PBXBuildFile; fileRef = 002DEC882B6E7473007C2D82 /* CLLocation.swift */; };
		002DEC8B2B6E74CA007C2D82 /* Double.swift in Sources */ = {isa = PBXBuildFile; fileRef = 002DEC8A2B6E74CA007C2D82 /* Double.swift */; };
		002DEC912B6E7586007C2D82 /* MatrixHelper.swift in Sources */ = {isa = PBXBuildFile; fileRef = 002DEC902B6E7586007C2D82 /* MatrixHelper.swift */; };
/* End PBXBuildFile section */

/* Begin PBXFileReference section */
		002DEC622B6E6F8A007C2D82 /* ARMapKitDemo.app */ = {isa = PBXFileReference; explicitFileType = wrapper.application; includeInIndex = 0; path = ARMapKitDemo.app; sourceTree = BUILT_PRODUCTS_DIR; };
		002DEC652B6E6F8A007C2D82 /* AppDelegate.swift */ = {isa = PBXFileReference; lastKnownFileType = sourcecode.swift; path = AppDelegate.swift; sourceTree = "<group>"; };
		002DEC672B6E6F8A007C2D82 /* SceneDelegate.swift */ = {isa = PBXFileReference; lastKnownFileType = sourcecode.swift; path = SceneDelegate.swift; sourceTree = "<group>"; };
		002DEC692B6E6F8A007C2D82 /* ViewController.swift */ = {isa = PBXFileReference; lastKnownFileType = sourcecode.swift; path = ViewController.swift; sourceTree = "<group>"; };
		002DEC6C2B6E6F8A007C2D82 /* Base */ = {isa = PBXFileReference; lastKnownFileType = file.storyboard; name = Base; path = Base.lproj/Main.storyboard; sourceTree = "<group>"; };
		002DEC6E2B6E6F8B007C2D82 /* Assets.xcassets */ = {isa = PBXFileReference; lastKnownFileType = folder.assetcatalog; path = Assets.xcassets; sourceTree = "<group>"; };
		002DEC712B6E6F8B007C2D82 /* Base */ = {isa = PBXFileReference; lastKnownFileType = file.storyboard; name = Base; path = Base.lproj/LaunchScreen.storyboard; sourceTree = "<group>"; };
		002DEC732B6E6F8B007C2D82 /* Info.plist */ = {isa = PBXFileReference; lastKnownFileType = text.plist.xml; path = Info.plist; sourceTree = "<group>"; };
		002DEC792B6E730D007C2D82 /* ARMapPOIViewController.swift */ = {isa = PBXFileReference; lastKnownFileType = sourcecode.swift; path = ARMapPOIViewController.swift; sourceTree = "<group>"; };
		002DEC7B2B6E7393007C2D82 /* LocationManager.swift */ = {isa = PBXFileReference; lastKnownFileType = sourcecode.swift; path = LocationManager.swift; sourceTree = "<group>"; };
		002DEC7D2B6E73A9007C2D82 /* BusinessPOI.swift */ = {isa = PBXFileReference; lastKnownFileType = sourcecode.swift; path = BusinessPOI.swift; sourceTree = "<group>"; };
		002DEC7F2B6E73BD007C2D82 /* AnnotationNode.swift */ = {isa = PBXFileReference; lastKnownFileType = sourcecode.swift; path = AnnotationNode.swift; sourceTree = "<group>"; };
		002DEC812B6E73D0007C2D82 /* LocationAnnotationNode.swift */ = {isa = PBXFileReference; lastKnownFileType = sourcecode.swift; path = LocationAnnotationNode.swift; sourceTree = "<group>"; };
		002DEC842B6E7424007C2D82 /* SCNNode.swift */ = {isa = PBXFileReference; lastKnownFileType = sourcecode.swift; path = SCNNode.swift; sourceTree = "<group>"; };
		002DEC862B6E744F007C2D82 /* SCNVector3.swift */ = {isa = PBXFileReference; lastKnownFileType = sourcecode.swift; path = SCNVector3.swift; sourceTree = "<group>"; };
		002DEC882B6E7473007C2D82 /* CLLocation.swift */ = {isa = PBXFileReference; lastKnownFileType = sourcecode.swift; path = CLLocation.swift; sourceTree = "<group>"; };
		002DEC8A2B6E74CA007C2D82 /* Double.swift */ = {isa = PBXFileReference; lastKnownFileType = sourcecode.swift; path = Double.swift; sourceTree = "<group>"; };
		002DEC902B6E7586007C2D82 /* MatrixHelper.swift */ = {isa = PBXFileReference; lastKnownFileType = sourcecode.swift; path = MatrixHelper.swift; sourceTree = "<group>"; };
/* End PBXFileReference section */

/* Begin PBXFrameworksBuildPhase section */
		002DEC5F2B6E6F8A007C2D82 /* Frameworks */ = {
			isa = PBXFrameworksBuildPhase;
			buildActionMask = 2147483647;
			files = (
			);
			runOnlyForDeploymentPostprocessing = 0;
		};
/* End PBXFrameworksBuildPhase section */

/* Begin PBXGroup section */
		002DEC592B6E6F8A007C2D82 = {
			isa = PBXGroup;
			children = (
				002DEC642B6E6F8A007C2D82 /* ARMapKitDemo */,
				002DEC632B6E6F8A007C2D82 /* Products */,
			);
			sourceTree = "<group>";
		};
		002DEC632B6E6F8A007C2D82 /* Products */ = {
			isa = PBXGroup;
			children = (
				002DEC622B6E6F8A007C2D82 /* ARMapKitDemo.app */,
			);
			name = Products;
			sourceTree = "<group>";
		};
		002DEC642B6E6F8A007C2D82 /* ARMapKitDemo */ = {
			isa = PBXGroup;
			children = (
				002DEC652B6E6F8A007C2D82 /* AppDelegate.swift */,
				002DEC672B6E6F8A007C2D82 /* SceneDelegate.swift */,
				002DEC8E2B6E7549007C2D82 /* Controllers */,
				002DEC8F2B6E755B007C2D82 /* Models */,
				002DEC8D2B6E7518007C2D82 /* Classes */,
				002DEC832B6E73F5007C2D82 /* Extensions */,
				002DEC6B2B6E6F8A007C2D82 /* Main.storyboard */,
				002DEC6E2B6E6F8B007C2D82 /* Assets.xcassets */,
				002DEC702B6E6F8B007C2D82 /* LaunchScreen.storyboard */,
				002DEC732B6E6F8B007C2D82 /* Info.plist */,
			);
			path = ARMapKitDemo;
			sourceTree = "<group>";
		};
		002DEC832B6E73F5007C2D82 /* Extensions */ = {
			isa = PBXGroup;
			children = (
				002DEC842B6E7424007C2D82 /* SCNNode.swift */,
				002DEC862B6E744F007C2D82 /* SCNVector3.swift */,
				002DEC882B6E7473007C2D82 /* CLLocation.swift */,
				002DEC8A2B6E74CA007C2D82 /* Double.swift */,
			);
			name = Extensions;
			sourceTree = "<group>";
		};
		002DEC8C2B6E74EB007C2D82 /* Nodes */ = {
			isa = PBXGroup;
			children = (
				002DEC812B6E73D0007C2D82 /* LocationAnnotationNode.swift */,
				002DEC7F2B6E73BD007C2D82 /* AnnotationNode.swift */,
			);
			path = Nodes;
			sourceTree = "<group>";
		};
		002DEC8D2B6E7518007C2D82 /* Classes */ = {
			isa = PBXGroup;
			children = (
				002DEC7B2B6E7393007C2D82 /* LocationManager.swift */,
				002DEC902B6E7586007C2D82 /* MatrixHelper.swift */,
				002DEC8C2B6E74EB007C2D82 /* Nodes */,
			);
			path = Classes;
			sourceTree = "<group>";
		};
		002DEC8E2B6E7549007C2D82 /* Controllers */ = {
			isa = PBXGroup;
			children = (
				002DEC692B6E6F8A007C2D82 /* ViewController.swift */,
				002DEC792B6E730D007C2D82 /* ARMapPOIViewController.swift */,
			);
			path = Controllers;
			sourceTree = "<group>";
		};
		002DEC8F2B6E755B007C2D82 /* Models */ = {
			isa = PBXGroup;
			children = (
				002DEC7D2B6E73A9007C2D82 /* BusinessPOI.swift */,
			);
			path = Models;
			sourceTree = "<group>";
		};
/* End PBXGroup section */

/* Begin PBXNativeTarget section */
		002DEC612B6E6F8A007C2D82 /* ARMapKitDemo */ = {
			isa = PBXNativeTarget;
			buildConfigurationList = 002DEC762B6E6F8B007C2D82 /* Build configuration list for PBXNativeTarget "ARMapKitDemo" */;
			buildPhases = (
				002DEC5E2B6E6F8A007C2D82 /* Sources */,
				002DEC5F2B6E6F8A007C2D82 /* Frameworks */,
				002DEC602B6E6F8A007C2D82 /* Resources */,
			);
			buildRules = (
			);
			dependencies = (
			);
			name = ARMapKitDemo;
			productName = ARMapKitDemo;
			productReference = 002DEC622B6E6F8A007C2D82 /* ARMapKitDemo.app */;
			productType = "com.apple.product-type.application";
		};
/* End PBXNativeTarget section */

/* Begin PBXProject section */
		002DEC5A2B6E6F8A007C2D82 /* Project object */ = {
			isa = PBXProject;
			attributes = {
				BuildIndependentTargetsInParallel = 1;
				LastSwiftUpdateCheck = 1520;
				LastUpgradeCheck = 1520;
				TargetAttributes = {
					002DEC612B6E6F8A007C2D82 = {
						CreatedOnToolsVersion = 15.2;
					};
				};
			};
			buildConfigurationList = 002DEC5D2B6E6F8A007C2D82 /* Build configuration list for PBXProject "ARMapKitDemo" */;
			compatibilityVersion = "Xcode 14.0";
			developmentRegion = en;
			hasScannedForEncodings = 0;
			knownRegions = (
				en,
				Base,
			);
			mainGroup = 002DEC592B6E6F8A007C2D82;
			productRefGroup = 002DEC632B6E6F8A007C2D82 /* Products */;
			projectDirPath = "";
			projectRoot = "";
			targets = (
				002DEC612B6E6F8A007C2D82 /* ARMapKitDemo */,
			);
		};
/* End PBXProject section */

/* Begin PBXResourcesBuildPhase section */
		002DEC602B6E6F8A007C2D82 /* Resources */ = {
			isa = PBXResourcesBuildPhase;
			buildActionMask = 2147483647;
			files = (
				002DEC722B6E6F8B007C2D82 /* LaunchScreen.storyboard in Resources */,
				002DEC6F2B6E6F8B007C2D82 /* Assets.xcassets in Resources */,
				002DEC6D2B6E6F8A007C2D82 /* Main.storyboard in Resources */,
			);
			runOnlyForDeploymentPostprocessing = 0;
		};
/* End PBXResourcesBuildPhase section */

/* Begin PBXSourcesBuildPhase section */
		002DEC5E2B6E6F8A007C2D82 /* Sources */ = {
			isa = PBXSourcesBuildPhase;
			buildActionMask = 2147483647;
			files = (
				002DEC7E2B6E73A9007C2D82 /* BusinessPOI.swift in Sources */,
				002DEC872B6E744F007C2D82 /* SCNVector3.swift in Sources */,
				002DEC892B6E7473007C2D82 /* CLLocation.swift in Sources */,
				002DEC822B6E73D0007C2D82 /* LocationAnnotationNode.swift in Sources */,
				002DEC6A2B6E6F8A007C2D82 /* ViewController.swift in Sources */,
				002DEC912B6E7586007C2D82 /* MatrixHelper.swift in Sources */,
				002DEC852B6E7424007C2D82 /* SCNNode.swift in Sources */,
				002DEC662B6E6F8A007C2D82 /* AppDelegate.swift in Sources */,
				002DEC802B6E73BD007C2D82 /* AnnotationNode.swift in Sources */,
				002DEC7C2B6E7393007C2D82 /* LocationManager.swift in Sources */,
				002DEC7A2B6E730D007C2D82 /* ARMapPOIViewController.swift in Sources */,
				002DEC8B2B6E74CA007C2D82 /* Double.swift in Sources */,
				002DEC682B6E6F8A007C2D82 /* SceneDelegate.swift in Sources */,
			);
			runOnlyForDeploymentPostprocessing = 0;
		};
/* End PBXSourcesBuildPhase section */

/* Begin PBXVariantGroup section */
		002DEC6B2B6E6F8A007C2D82 /* Main.storyboard */ = {
			isa = PBXVariantGroup;
			children = (
				002DEC6C2B6E6F8A007C2D82 /* Base */,
			);
			name = Main.storyboard;
			sourceTree = "<group>";
		};
		002DEC702B6E6F8B007C2D82 /* LaunchScreen.storyboard */ = {
			isa = PBXVariantGroup;
			children = (
				002DEC712B6E6F8B007C2D82 /* Base */,
			);
			name = LaunchScreen.storyboard;
			sourceTree = "<group>";
		};
/* End PBXVariantGroup section */

/* Begin XCBuildConfiguration section */
		002DEC742B6E6F8B007C2D82 /* Debug */ = {
			isa = XCBuildConfiguration;
			buildSettings = {
				ALWAYS_SEARCH_USER_PATHS = NO;
				ASSETCATALOG_COMPILER_GENERATE_SWIFT_ASSET_SYMBOL_EXTENSIONS = YES;
				CLANG_ANALYZER_NONNULL = YES;
				CLANG_ANALYZER_NUMBER_OBJECT_CONVERSION = YES_AGGRESSIVE;
				CLANG_CXX_LANGUAGE_STANDARD = "gnu++20";
				CLANG_ENABLE_MODULES = YES;
				CLANG_ENABLE_OBJC_ARC = YES;
				CLANG_ENABLE_OBJC_WEAK = YES;
				CLANG_WARN_BLOCK_CAPTURE_AUTORELEASING = YES;
				CLANG_WARN_BOOL_CONVERSION = YES;
				CLANG_WARN_COMMA = YES;
				CLANG_WARN_CONSTANT_CONVERSION = YES;
				CLANG_WARN_DEPRECATED_OBJC_IMPLEMENTATIONS = YES;
				CLANG_WARN_DIRECT_OBJC_ISA_USAGE = YES_ERROR;
				CLANG_WARN_DOCUMENTATION_COMMENTS = YES;
				CLANG_WARN_EMPTY_BODY = YES;
				CLANG_WARN_ENUM_CONVERSION = YES;
				CLANG_WARN_INFINITE_RECURSION = YES;
				CLANG_WARN_INT_CONVERSION = YES;
				CLANG_WARN_NON_LITERAL_NULL_CONVERSION = YES;
				CLANG_WARN_OBJC_IMPLICIT_RETAIN_SELF = YES;
				CLANG_WARN_OBJC_LITERAL_CONVERSION = YES;
				CLANG_WARN_OBJC_ROOT_CLASS = YES_ERROR;
				CLANG_WARN_QUOTED_INCLUDE_IN_FRAMEWORK_HEADER = YES;
				CLANG_WARN_RANGE_LOOP_ANALYSIS = YES;
				CLANG_WARN_STRICT_PROTOTYPES = YES;
				CLANG_WARN_SUSPICIOUS_MOVE = YES;
				CLANG_WARN_UNGUARDED_AVAILABILITY = YES_AGGRESSIVE;
				CLANG_WARN_UNREACHABLE_CODE = YES;
				CLANG_WARN__DUPLICATE_METHOD_MATCH = YES;
				COPY_PHASE_STRIP = NO;
				DEBUG_INFORMATION_FORMAT = dwarf;
				ENABLE_STRICT_OBJC_MSGSEND = YES;
				ENABLE_TESTABILITY = YES;
				ENABLE_USER_SCRIPT_SANDBOXING = YES;
				GCC_C_LANGUAGE_STANDARD = gnu17;
				GCC_DYNAMIC_NO_PIC = NO;
				GCC_NO_COMMON_BLOCKS = YES;
				GCC_OPTIMIZATION_LEVEL = 0;
				GCC_PREPROCESSOR_DEFINITIONS = (
					"DEBUG=1",
					"$(inherited)",
				);
				GCC_WARN_64_TO_32_BIT_CONVERSION = YES;
				GCC_WARN_ABOUT_RETURN_TYPE = YES_ERROR;
				GCC_WARN_UNDECLARED_SELECTOR = YES;
				GCC_WARN_UNINITIALIZED_AUTOS = YES_AGGRESSIVE;
				GCC_WARN_UNUSED_FUNCTION = YES;
				GCC_WARN_UNUSED_VARIABLE = YES;
				IPHONEOS_DEPLOYMENT_TARGET = 13.0;
				LOCALIZATION_PREFERS_STRING_CATALOGS = YES;
				MTL_ENABLE_DEBUG_INFO = INCLUDE_SOURCE;
				MTL_FAST_MATH = YES;
				ONLY_ACTIVE_ARCH = YES;
				SDKROOT = iphoneos;
				SWIFT_ACTIVE_COMPILATION_CONDITIONS = "DEBUG $(inherited)";
				SWIFT_OPTIMIZATION_LEVEL = "-Onone";
			};
			name = Debug;
		};
		002DEC752B6E6F8B007C2D82 /* Release */ = {
			isa = XCBuildConfiguration;
			buildSettings = {
				ALWAYS_SEARCH_USER_PATHS = NO;
				ASSETCATALOG_COMPILER_GENERATE_SWIFT_ASSET_SYMBOL_EXTENSIONS = YES;
				CLANG_ANALYZER_NONNULL = YES;
				CLANG_ANALYZER_NUMBER_OBJECT_CONVERSION = YES_AGGRESSIVE;
				CLANG_CXX_LANGUAGE_STANDARD = "gnu++20";
				CLANG_ENABLE_MODULES = YES;
				CLANG_ENABLE_OBJC_ARC = YES;
				CLANG_ENABLE_OBJC_WEAK = YES;
				CLANG_WARN_BLOCK_CAPTURE_AUTORELEASING = YES;
				CLANG_WARN_BOOL_CONVERSION = YES;
				CLANG_WARN_COMMA = YES;
				CLANG_WARN_CONSTANT_CONVERSION = YES;
				CLANG_WARN_DEPRECATED_OBJC_IMPLEMENTATIONS = YES;
				CLANG_WARN_DIRECT_OBJC_ISA_USAGE = YES_ERROR;
				CLANG_WARN_DOCUMENTATION_COMMENTS = YES;
				CLANG_WARN_EMPTY_BODY = YES;
				CLANG_WARN_ENUM_CONVERSION = YES;
				CLANG_WARN_INFINITE_RECURSION = YES;
				CLANG_WARN_INT_CONVERSION = YES;
				CLANG_WARN_NON_LITERAL_NULL_CONVERSION = YES;
				CLANG_WARN_OBJC_IMPLICIT_RETAIN_SELF = YES;
				CLANG_WARN_OBJC_LITERAL_CONVERSION = YES;
				CLANG_WARN_OBJC_ROOT_CLASS = YES_ERROR;
				CLANG_WARN_QUOTED_INCLUDE_IN_FRAMEWORK_HEADER = YES;
				CLANG_WARN_RANGE_LOOP_ANALYSIS = YES;
				CLANG_WARN_STRICT_PROTOTYPES = YES;
				CLANG_WARN_SUSPICIOUS_MOVE = YES;
				CLANG_WARN_UNGUARDED_AVAILABILITY = YES_AGGRESSIVE;
				CLANG_WARN_UNREACHABLE_CODE = YES;
				CLANG_WARN__DUPLICATE_METHOD_MATCH = YES;
				COPY_PHASE_STRIP = NO;
				DEBUG_INFORMATION_FORMAT = "dwarf-with-dsym";
				ENABLE_NS_ASSERTIONS = NO;
				ENABLE_STRICT_OBJC_MSGSEND = YES;
				ENABLE_USER_SCRIPT_SANDBOXING = YES;
				GCC_C_LANGUAGE_STANDARD = gnu17;
				GCC_NO_COMMON_BLOCKS = YES;
				GCC_WARN_64_TO_32_BIT_CONVERSION = YES;
				GCC_WARN_ABOUT_RETURN_TYPE = YES_ERROR;
				GCC_WARN_UNDECLARED_SELECTOR = YES;
				GCC_WARN_UNINITIALIZED_AUTOS = YES_AGGRESSIVE;
				GCC_WARN_UNUSED_FUNCTION = YES;
				GCC_WARN_UNUSED_VARIABLE = YES;
				IPHONEOS_DEPLOYMENT_TARGET = 13.0;
				LOCALIZATION_PREFERS_STRING_CATALOGS = YES;
				MTL_ENABLE_DEBUG_INFO = NO;
				MTL_FAST_MATH = YES;
				SDKROOT = iphoneos;
				SWIFT_COMPILATION_MODE = wholemodule;
				VALIDATE_PRODUCT = YES;
			};
			name = Release;
		};
		002DEC772B6E6F8B007C2D82 /* Debug */ = {
			isa = XCBuildConfiguration;
			buildSettings = {
				ASSETCATALOG_COMPILER_APPICON_NAME = AppIcon;
				ASSETCATALOG_COMPILER_GLOBAL_ACCENT_COLOR_NAME = AccentColor;
				"CODE_SIGN_IDENTITY[sdk=iphoneos*]" = "iPhone Developer";
				CODE_SIGN_STYLE = Manual;
				CURRENT_PROJECT_VERSION = 1;
				DEVELOPMENT_TEAM = "";
				"DEVELOPMENT_TEAM[sdk=iphoneos*]" = PR6CRGFDP2;
				GENERATE_INFOPLIST_FILE = YES;
				INFOPLIST_FILE = ARMapKitDemo/Info.plist;
				INFOPLIST_KEY_NSCameraUsageDescription = "This app needs access to your camera to provide augmented reality experiences.";
				INFOPLIST_KEY_NSLocationAlwaysAndWhenInUseUsageDescription = "This app needs your location to display nearby businesses on the map.";
				INFOPLIST_KEY_NSLocationWhenInUseUsageDescription = "This app needs your location to display nearby businesses on the map.";
				INFOPLIST_KEY_UIApplicationSupportsIndirectInputEvents = YES;
				INFOPLIST_KEY_UILaunchStoryboardName = LaunchScreen;
				INFOPLIST_KEY_UIMainStoryboardFile = Main;
				INFOPLIST_KEY_UISupportedInterfaceOrientations = UIInterfaceOrientationPortrait;
				LD_RUNPATH_SEARCH_PATHS = (
					"$(inherited)",
					"@executable_path/Frameworks",
				);
				MARKETING_VERSION = 1.0;
				PRODUCT_BUNDLE_IDENTIFIER = com.armapkit.demo;
				PRODUCT_NAME = "$(TARGET_NAME)";
				PROVISIONING_PROFILE_SPECIFIER = "";
				"PROVISIONING_PROFILE_SPECIFIER[sdk=iphoneos*]" = "match Development com.eastmeeteast.eme-ios";
				SUPPORTED_PLATFORMS = "iphoneos iphonesimulator";
				SUPPORTS_MACCATALYST = NO;
				SWIFT_EMIT_LOC_STRINGS = YES;
				SWIFT_VERSION = 5.0;
				TARGETED_DEVICE_FAMILY = 1;
			};
			name = Debug;
		};
		002DEC782B6E6F8B007C2D82 /* Release */ = {
			isa = XCBuildConfiguration;
			buildSettings = {
				ASSETCATALOG_COMPILER_APPICON_NAME = AppIcon;
				ASSETCATALOG_COMPILER_GLOBAL_ACCENT_COLOR_NAME = AccentColor;
				"CODE_SIGN_IDENTITY[sdk=iphoneos*]" = "iPhone Developer";
				CODE_SIGN_STYLE = Manual;
				CURRENT_PROJECT_VERSION = 1;
				DEVELOPMENT_TEAM = "";
				"DEVELOPMENT_TEAM[sdk=iphoneos*]" = PR6CRGFDP2;
				GENERATE_INFOPLIST_FILE = YES;
				INFOPLIST_FILE = ARMapKitDemo/Info.plist;
				INFOPLIST_KEY_NSCameraUsageDescription = "This app needs access to your camera to provide augmented reality experiences.";
				INFOPLIST_KEY_NSLocationAlwaysAndWhenInUseUsageDescription = "This app needs your location to display nearby businesses on the map.";
				INFOPLIST_KEY_NSLocationWhenInUseUsageDescription = "This app needs your location to display nearby businesses on the map.";
				INFOPLIST_KEY_UIApplicationSupportsIndirectInputEvents = YES;
				INFOPLIST_KEY_UILaunchStoryboardName = LaunchScreen;
				INFOPLIST_KEY_UIMainStoryboardFile = Main;
				INFOPLIST_KEY_UISupportedInterfaceOrientations = UIInterfaceOrientationPortrait;
				LD_RUNPATH_SEARCH_PATHS = (
					"$(inherited)",
					"@executable_path/Frameworks",
				);
				MARKETING_VERSION = 1.0;
				PRODUCT_BUNDLE_IDENTIFIER = com.armapkit.demo;
				PRODUCT_NAME = "$(TARGET_NAME)";
				PROVISIONING_PROFILE_SPECIFIER = "";
				"PROVISIONING_PROFILE_SPECIFIER[sdk=iphoneos*]" = "match Development com.eastmeeteast.eme-ios";
				SUPPORTED_PLATFORMS = "iphoneos iphonesimulator";
				SUPPORTS_MACCATALYST = NO;
				SWIFT_EMIT_LOC_STRINGS = YES;
				SWIFT_VERSION = 5.0;
				TARGETED_DEVICE_FAMILY = 1;
			};
			name = Release;
		};
/* End XCBuildConfiguration section */

/* Begin XCConfigurationList section */
		002DEC5D2B6E6F8A007C2D82 /* Build configuration list for PBXProject "ARMapKitDemo" */ = {
			isa = XCConfigurationList;
			buildConfigurations = (
				002DEC742B6E6F8B007C2D82 /* Debug */,
				002DEC752B6E6F8B007C2D82 /* Release */,
			);
			defaultConfigurationIsVisible = 0;
			defaultConfigurationName = Release;
		};
		002DEC762B6E6F8B007C2D82 /* Build configuration list for PBXNativeTarget "ARMapKitDemo" */ = {
			isa = XCConfigurationList;
			buildConfigurations = (
				002DEC772B6E6F8B007C2D82 /* Debug */,
				002DEC782B6E6F8B007C2D82 /* Release */,
			);
			defaultConfigurationIsVisible = 0;
			defaultConfigurationName = Release;
		};
/* End XCConfigurationList section */
	};
	rootObject = 002DEC5A2B6E6F8A007C2D82 /* Project object */;
}
